
Microsoft Visual Studio Solution File, Format Version 12.00
# Visual Studio Version 16
VisualStudioVersion = 16.0.30330.147
MinimumVisualStudioVersion = 10.0.40219.1
Project("{FAE04EC0-301F-11D3-BF4B-00C04F79EFBC}") = "Proyecto1-LabLFP", "Proyecto1-LabLFP.csproj", "{0E01B49A-B98D-4388-821D-B50F61005EB2}"
EndProject
Global
	GlobalSection(SolutionConfigurationPlatforms) = preSolution
		Debug|Any CPU = Debug|Any CPU
		Release|Any CPU = Release|Any CPU
	EndGlobalSection
	GlobalSection(ProjectConfigurationPlatforms) = postSolution
		{0E01B49A-B98D-4388-821D-B50F61005EB2}.Debug|Any CPU.ActiveCfg = Debug|Any CPU
		{0E01B49A-B98D-4388-821D-B50F61005EB2}.Debug|Any CPU.Build.0 = Debug|Any CPU
		{0E01B49A-B98D-4388-821D-B50F61005EB2}.Release|Any CPU.ActiveCfg = Release|Any CPU
		{0E01B49A-B98D-4388-821D-B50F61005EB2}.Release|Any CPU.Build.0 = Release|Any CPU
	EndGlobalSection
	GlobalSection(SolutionProperties) = preSolution
		HideSolutionNode = FALSE
	EndGlobalSection
	GlobalSection(ExtensibilityGlobals) = postSolution
		SolutionGuid = {B0216620-0482-4AD6-B37C-BC632388CD19}
	EndGlobalSection
EndGlobal
